
Microsoft Visual Studio Solution File, Format Version 12.00
# Visual Studio 2012
Project("{FAE04EC0-301F-11D3-BF4B-00C04F79EFBC}") = "WebApp_WS_factura", "WebApp_WS_factura\WebApp_WS_factura.csproj", "{28E6DFDB-62E5-4200-B59A-C8BC67861B7E}"
EndProject
Project("{FAE04EC0-301F-11D3-BF4B-00C04F79EFBC}") = "WebApp_Client_factura", "WebApp_Client_factura\WebApp_Client_factura.csproj", "{1DEE9BEC-F57F-4E35-9914-BFC06AFF974F}"
EndProject
Project("{FAE04EC0-301F-11D3-BF4B-00C04F79EFBC}") = "Mvc_WebApi_factura", "Mvc_WebApi_factura\Mvc_WebApi_factura.csproj", "{B2D55052-26AE-49E4-8F7E-01A260A90DD0}"
EndProject
Project("{FAE04EC0-301F-11D3-BF4B-00C04F79EFBC}") = "Mvc_Web_factura", "Mvc_Web_factura\Mvc_Web_factura.csproj", "{A26B381A-7ABE-4957-8871-5685B410A4E9}"
EndProject
Global
	GlobalSection(SolutionConfigurationPlatforms) = preSolution
		Debug|Any CPU = Debug|Any CPU
		Release|Any CPU = Release|Any CPU
	EndGlobalSection
	GlobalSection(ProjectConfigurationPlatforms) = postSolution
		{28E6DFDB-62E5-4200-B59A-C8BC67861B7E}.Debug|Any CPU.ActiveCfg = Debug|Any CPU
		{28E6DFDB-62E5-4200-B59A-C8BC67861B7E}.Debug|Any CPU.Build.0 = Debug|Any CPU
		{28E6DFDB-62E5-4200-B59A-C8BC67861B7E}.Release|Any CPU.ActiveCfg = Release|Any CPU
		{28E6DFDB-62E5-4200-B59A-C8BC67861B7E}.Release|Any CPU.Build.0 = Release|Any CPU
		{1DEE9BEC-F57F-4E35-9914-BFC06AFF974F}.Debug|Any CPU.ActiveCfg = Debug|Any CPU
		{1DEE9BEC-F57F-4E35-9914-BFC06AFF974F}.Debug|Any CPU.Build.0 = Debug|Any CPU
		{1DEE9BEC-F57F-4E35-9914-BFC06AFF974F}.Release|Any CPU.ActiveCfg = Release|Any CPU
		{1DEE9BEC-F57F-4E35-9914-BFC06AFF974F}.Release|Any CPU.Build.0 = Release|Any CPU
		{B2D55052-26AE-49E4-8F7E-01A260A90DD0}.Debug|Any CPU.ActiveCfg = Debug|Any CPU
		{B2D55052-26AE-49E4-8F7E-01A260A90DD0}.Debug|Any CPU.Build.0 = Debug|Any CPU
		{B2D55052-26AE-49E4-8F7E-01A260A90DD0}.Release|Any CPU.ActiveCfg = Release|Any CPU
		{B2D55052-26AE-49E4-8F7E-01A260A90DD0}.Release|Any CPU.Build.0 = Release|Any CPU
		{A26B381A-7ABE-4957-8871-5685B410A4E9}.Debug|Any CPU.ActiveCfg = Debug|Any CPU
		{A26B381A-7ABE-4957-8871-5685B410A4E9}.Debug|Any CPU.Build.0 = Debug|Any CPU
		{A26B381A-7ABE-4957-8871-5685B410A4E9}.Release|Any CPU.ActiveCfg = Release|Any CPU
		{A26B381A-7ABE-4957-8871-5685B410A4E9}.Release|Any CPU.Build.0 = Release|Any CPU
	EndGlobalSection
	GlobalSection(SolutionProperties) = preSolution
		HideSolutionNode = FALSE
	EndGlobalSection
EndGlobal
